{
  "name": "tmp",
  "version": "1.0.0",
  "lockfileVersion": 2,
  "requires": true,
  "packages": {
    "": {
      "name": "tmp",
      "version": "1.0.0",
      "license": "ISC",
      "dependencies": {
        "browser-passworder": "^2.0.3"
      }
    },
    "node_modules/browser-passworder": {
      "version": "2.0.3",
      "resolved": "https://registry.npmjs.org/browser-passworder/-/browser-passworder-2.0.3.tgz",
      "integrity": "sha512-8mTcGjsVqYkRW0qLmdussBjf/5joBUpvZfR8jUojITBJVVZIS5BL41Qt/xehS+n2ChA2YJHHLPhlkXziK+gvsw==",
      "dependencies": {
        "browserify-unibabel": "^3.0.0"
      }
    },
    "node_modules/browserify-unibabel": {
      "version": "3.0.0",
      "resolved": "https://registry.npmjs.org/browserify-unibabel/-/browserify-unibabel-3.0.0.tgz",
      "integrity": "sha512-j3MX0k2dC1/DEo9jSUyj7zpv5wLd1+klpFwYlM0E5mr7MX6LblQOWb+jkBEKV2iRszmhJuLHAtNuqranlGnpNQ=="
    }
  },
  "dependencies": {
    "browser-passworder": {
      "version": "2.0.3",
      "resolved": "https://registry.npmjs.org/browser-passworder/-/browser-passworder-2.0.3.tgz",
      "integrity": "sha512-8mTcGjsVqYkRW0qLmdussBjf/5joBUpvZfR8jUojITBJVVZIS5BL41Qt/xehS+n2ChA2YJHHLPhlkXziK+gvsw==",
      "requires": {
        "browserify-unibabel": "^3.0.0"
      }
    },
    "browserify-unibabel": {
      "version": "3.0.0",
      "resolved": "https://registry.npmjs.org/browserify-unibabel/-/browserify-unibabel-3.0.0.tgz",
      "integrity": "sha512-j3MX0k2dC1/DEo9jSUyj7zpv5wLd1+klpFwYlM0E5mr7MX6LblQOWb+jkBEKV2iRszmhJuLHAtNuqranlGnpNQ=="
    }
  }
}
